
Microsoft Visual Studio Solution File, Format Version 12.00
# Visual Studio 2013
VisualStudioVersion = 12.0.30501.0
MinimumVisualStudioVersion = 10.0.40219.1
Project("{FAE04EC0-301F-11D3-BF4B-00C04F79EFBC}") = "DownloadManager", "Download-Manager\DownloadManager.csproj", "{01D9DD10-7BBC-490A-8F1D-7490FB8BBD3B}"
EndProject
Project("{2150E333-8FDC-42A3-9474-1A3956D46DE8}") = "Solution Items", "Solution Items", "{9B044A58-08D6-4485-84FF-5964B8CE7792}"
	ProjectSection(SolutionItems) = preProject
		VersionInfo.cs = VersionInfo.cs
	EndProjectSection
EndProject
Global
	GlobalSection(SolutionConfigurationPlatforms) = preSolution
		Debug|Any CPU = Debug|Any CPU
		Release|Any CPU = Release|Any CPU
	EndGlobalSection
	GlobalSection(ProjectConfigurationPlatforms) = postSolution
		{01D9DD10-7BBC-490A-8F1D-7490FB8BBD3B}.Debug|Any CPU.ActiveCfg = Debug|Any CPU
		{01D9DD10-7BBC-490A-8F1D-7490FB8BBD3B}.Debug|Any CPU.Build.0 = Debug|Any CPU
		{01D9DD10-7BBC-490A-8F1D-7490FB8BBD3B}.Release|Any CPU.ActiveCfg = Release|Any CPU
		{01D9DD10-7BBC-490A-8F1D-7490FB8BBD3B}.Release|Any CPU.Build.0 = Release|Any CPU
	EndGlobalSection
	GlobalSection(SolutionProperties) = preSolution
		HideSolutionNode = FALSE
	EndGlobalSection
EndGlobal
